// !$*UTF8*$!
{
	archiveVersion = 1;
	classes = {
	};
	objectVersion = 46;
	objects = {

/* Begin PBXBuildFile section */
		84BFEAB21A084D2E0020273E /* AppDelegate.swift in Sources */ = {isa = PBXBuildFile; fileRef = 84BFEAB11A084D2E0020273E /* AppDelegate.swift */; };
		84BFEAB41A084D2E0020273E /* ViewController.swift in Sources */ = {isa = PBXBuildFile; fileRef = 84BFEAB31A084D2E0020273E /* ViewController.swift */; };
		84BFEAB71A084D2E0020273E /* Main.storyboard in Resources */ = {isa = PBXBuildFile; fileRef = 84BFEAB51A084D2E0020273E /* Main.storyboard */; };
		84BFEAB91A084D2E0020273E /* Images.xcassets in Resources */ = {isa = PBXBuildFile; fileRef = 84BFEAB81A084D2E0020273E /* Images.xcassets */; };
		84BFEABC1A084D2E0020273E /* LaunchScreen.xib in Resources */ = {isa = PBXBuildFile; fileRef = 84BFEABA1A084D2E0020273E /* LaunchScreen.xib */; };
		84BFEAC81A084D2E0020273E /* PostCardTests.swift in Sources */ = {isa = PBXBuildFile; fileRef = 84BFEAC71A084D2E0020273E /* PostCardTests.swift */; };
/* End PBXBuildFile section */

/* Begin PBXContainerItemProxy section */
		84BFEAC21A084D2E0020273E /* PBXContainerItemProxy */ = {
			isa = PBXContainerItemProxy;
			containerPortal = 84BFEAA41A084D2E0020273E /* Project object */;
			proxyType = 1;
			remoteGlobalIDString = 84BFEAAB1A084D2E0020273E;
			remoteInfo = PostCard;
		};
/* End PBXContainerItemProxy section */

/* Begin PBXFileReference section */
		84BFEAAC1A084D2E0020273E /* PostCard.app */ = {isa = PBXFileReference; explicitFileType = wrapper.application; includeInIndex = 0; path = PostCard.app; sourceTree = BUILT_PRODUCTS_DIR; };
		84BFEAB01A084D2E0020273E /* Info.plist */ = {isa = PBXFileReference; lastKnownFileType = text.plist.xml; path = Info.plist; sourceTree = "<group>"; };
		84BFEAB11A084D2E0020273E /* AppDelegate.swift */ = {isa = PBXFileReference; lastKnownFileType = sourcecode.swift; path = AppDelegate.swift; sourceTree = "<group>"; };
		84BFEAB31A084D2E0020273E /* ViewController.swift */ = {isa = PBXFileReference; lastKnownFileType = sourcecode.swift; path = ViewController.swift; sourceTree = "<group>"; };
		84BFEAB61A084D2E0020273E /* Base */ = {isa = PBXFileReference; lastKnownFileType = file.storyboard; name = Base; path = Base.lproj/Main.storyboard; sourceTree = "<group>"; };
		84BFEAB81A084D2E0020273E /* Images.xcassets */ = {isa = PBXFileReference; lastKnownFileType = folder.assetcatalog; path = Images.xcassets; sourceTree = "<group>"; };
		84BFEABB1A084D2E0020273E /* Base */ = {isa = PBXFileReference; lastKnownFileType = file.xib; name = Base; path = Base.lproj/LaunchScreen.xib; sourceTree = "<group>"; };
		84BFEAC11A084D2E0020273E /* PostCardTests.xctest */ = {isa = PBXFileReference; explicitFileType = wrapper.cfbundle; includeInIndex = 0; path = PostCardTests.xctest; sourceTree = BUILT_PRODUCTS_DIR; };
		84BFEAC61A084D2E0020273E /* Info.plist */ = {isa = PBXFileReference; lastKnownFileType = text.plist.xml; path = Info.plist; sourceTree = "<group>"; };
		84BFEAC71A084D2E0020273E /* PostCardTests.swift */ = {isa = PBXFileReference; lastKnownFileType = sourcecode.swift; path = PostCardTests.swift; sourceTree = "<group>"; };
/* End PBXFileReference section */

/* Begin PBXFrameworksBuildPhase section */
		84BFEAA91A084D2E0020273E /* Frameworks */ = {
			isa = PBXFrameworksBuildPhase;
			buildActionMask = 2147483647;
			files = (
			);
			runOnlyForDeploymentPostprocessing = 0;
		};
		84BFEABE1A084D2E0020273E /* Frameworks */ = {
			isa = PBXFrameworksBuildPhase;
			buildActionMask = 2147483647;
			files = (
			);
			runOnlyForDeploymentPostprocessing = 0;
		};
/* End PBXFrameworksBuildPhase section */

/* Begin PBXGroup section */
		84BFEAA31A084D2E0020273E = {
			isa = PBXGroup;
			children = (
				84BFEAAE1A084D2E0020273E /* PostCard */,
				84BFEAC41A084D2E0020273E /* PostCardTests */,
				84BFEAAD1A084D2E0020273E /* Products */,
			);
			sourceTree = "<group>";
		};
		84BFEAAD1A084D2E0020273E /* Products */ = {
			isa = PBXGroup;
			children = (
				84BFEAAC1A084D2E0020273E /* PostCard.app */,
				84BFEAC11A084D2E0020273E /* PostCardTests.xctest */,
			);
			name = Products;
			sourceTree = "<group>";
		};
		84BFEAAE1A084D2E0020273E /* PostCard */ = {
			isa = PBXGroup;
			children = (
				84BFEAB11A084D2E0020273E /* AppDelegate.swift */,
				84BFEAB31A084D2E0020273E /* ViewController.swift */,
				84BFEAB51A084D2E0020273E /* Main.storyboard */,
				84BFEAB81A084D2E0020273E /* Images.xcassets */,
				84BFEABA1A084D2E0020273E /* LaunchScreen.xib */,
				84BFEAAF1A084D2E0020273E /* Supporting Files */,
			);
			path = PostCard;
			sourceTree = "<group>";
		};
		84BFEAAF1A084D2E0020273E /* Supporting Files */ = {
			isa = PBXGroup;
			children = (
				84BFEAB01A084D2E0020273E /* Info.plist */,
			);
			name = "Supporting Files";
			sourceTree = "<group>";
		};
		84BFEAC41A084D2E0020273E /* PostCardTests */ = {
			isa = PBXGroup;
			children = (
				84BFEAC71A084D2E0020273E /* PostCardTests.swift */,
				84BFEAC51A084D2E0020273E /* Supporting Files */,
			);
			path = PostCardTests;
			sourceTree = "<group>";
		};
		84BFEAC51A084D2E0020273E /* Supporting Files */ = {
			isa = PBXGroup;
			children = (
				84BFEAC61A084D2E0020273E /* Info.plist */,
			);
			name = "Supporting Files";
			sourceTree = "<group>";
		};
/* End PBXGroup section */

/* Begin PBXNativeTarget section */
		84BFEAAB1A084D2E0020273E /* PostCard */ = {
			isa = PBXNativeTarget;
			buildConfigurationList = 84BFEACB1A084D2E0020273E /* Build configuration list for PBXNativeTarget "PostCard" */;
			buildPhases = (
				84BFEAA81A084D2E0020273E /* Sources */,
				84BFEAA91A084D2E0020273E /* Frameworks */,
				84BFEAAA1A084D2E0020273E /* Resources */,
			);
			buildRules = (
			);
			dependencies = (
			);
			name = PostCard;
			productName = PostCard;
			productReference = 84BFEAAC1A084D2E0020273E /* PostCard.app */;
			productType = "com.apple.product-type.application";
		};
		84BFEAC01A084D2E0020273E /* PostCardTests */ = {
			isa = PBXNativeTarget;
			buildConfigurationList = 84BFEACE1A084D2E0020273E /* Build configuration list for PBXNativeTarget "PostCardTests" */;
			buildPhases = (
				84BFEABD1A084D2E0020273E /* Sources */,
				84BFEABE1A084D2E0020273E /* Frameworks */,
				84BFEABF1A084D2E0020273E /* Resources */,
			);
			buildRules = (
			);
			dependencies = (
				84BFEAC31A084D2E0020273E /* PBXTargetDependency */,
			);
			name = PostCardTests;
			productName = PostCardTests;
			productReference = 84BFEAC11A084D2E0020273E /* PostCardTests.xctest */;
			productType = "com.apple.product-type.bundle.unit-test";
		};
/* End PBXNativeTarget section */

/* Begin PBXProject section */
		84BFEAA41A084D2E0020273E /* Project object */ = {
			isa = PBXProject;
			attributes = {
				LastUpgradeCheck = 0610;
				ORGANIZATIONNAME = "Broke Bytes";
				TargetAttributes = {
					84BFEAAB1A084D2E0020273E = {
						CreatedOnToolsVersion = 6.1;
						DevelopmentTeam = ZBWANRVW4U;
					};
					84BFEAC01A084D2E0020273E = {
						CreatedOnToolsVersion = 6.1;
						TestTargetID = 84BFEAAB1A084D2E0020273E;
					};
				};
			};
			buildConfigurationList = 84BFEAA71A084D2E0020273E /* Build configuration list for PBXProject "PostCard" */;
			compatibilityVersion = "Xcode 3.2";
			developmentRegion = English;
			hasScannedForEncodings = 0;
			knownRegions = (
				en,
				Base,
			);
			mainGroup = 84BFEAA31A084D2E0020273E;
			productRefGroup = 84BFEAAD1A084D2E0020273E /* Products */;
			projectDirPath = "";
			projectRoot = "";
			targets = (
				84BFEAAB1A084D2E0020273E /* PostCard */,
				84BFEAC01A084D2E0020273E /* PostCardTests */,
			);
		};
/* End PBXProject section */

/* Begin PBXResourcesBuildPhase section */
		84BFEAAA1A084D2E0020273E /* Resources */ = {
			isa = PBXResourcesBuildPhase;
			buildActionMask = 2147483647;
			files = (
				84BFEAB71A084D2E0020273E /* Main.storyboard in Resources */,
				84BFEABC1A084D2E0020273E /* LaunchScreen.xib in Resources */,
				84BFEAB91A084D2E0020273E /* Images.xcassets in Resources */,
			);
			runOnlyForDeploymentPostprocessing = 0;
		};
		84BFEABF1A084D2E0020273E /* Resources */ = {
			isa = PBXResourcesBuildPhase;
			buildActionMask = 2147483647;
			files = (
			);
			runOnlyForDeploymentPostprocessing = 0;
		};
/* End PBXResourcesBuildPhase section */

/* Begin PBXSourcesBuildPhase section */
		84BFEAA81A084D2E0020273E /* Sources */ = {
			isa = PBXSourcesBuildPhase;
			buildActionMask = 2147483647;
			files = (
				84BFEAB41A084D2E0020273E /* ViewController.swift in Sources */,
				84BFEAB21A084D2E0020273E /* AppDelegate.swift in Sources */,
			);
			runOnlyForDeploymentPostprocessing = 0;
		};
		84BFEABD1A084D2E0020273E /* Sources */ = {
			isa = PBXSourcesBuildPhase;
			buildActionMask = 2147483647;
			files = (
				84BFEAC81A084D2E0020273E /* PostCardTests.swift in Sources */,
			);
			runOnlyForDeploymentPostprocessing = 0;
		};
/* End PBXSourcesBuildPhase section */

/* Begin PBXTargetDependency section */
		84BFEAC31A084D2E0020273E /* PBXTargetDependency */ = {
			isa = PBXTargetDependency;
			target = 84BFEAAB1A084D2E0020273E /* PostCard */;
			targetProxy = 84BFEAC21A084D2E0020273E /* PBXContainerItemProxy */;
		};
/* End PBXTargetDependency section */

/* Begin PBXVariantGroup section */
		84BFEAB51A084D2E0020273E /* Main.storyboard */ = {
			isa = PBXVariantGroup;
			children = (
				84BFEAB61A084D2E0020273E /* Base */,
			);
			name = Main.storyboard;
			sourceTree = "<group>";
		};
		84BFEABA1A084D2E0020273E /* LaunchScreen.xib */ = {
			isa = PBXVariantGroup;
			children = (
				84BFEABB1A084D2E0020273E /* Base */,
			);
			name = LaunchScreen.xib;
			sourceTree = "<group>";
		};
/* End PBXVariantGroup section */

/* Begin XCBuildConfiguration section */
		84BFEAC91A084D2E0020273E /* Debug */ = {
			isa = XCBuildConfiguration;
			buildSettings = {
				ALWAYS_SEARCH_USER_PATHS = NO;
				CLANG_CXX_LANGUAGE_STANDARD = "gnu++0x";
				CLANG_CXX_LIBRARY = "libc++";
				CLANG_ENABLE_MODULES = YES;
				CLANG_ENABLE_OBJC_ARC = YES;
				CLANG_WARN_BOOL_CONVERSION = YES;
				CLANG_WARN_CONSTANT_CONVERSION = YES;
				CLANG_WARN_DIRECT_OBJC_ISA_USAGE = YES_ERROR;
				CLANG_WARN_EMPTY_BODY = YES;
				CLANG_WARN_ENUM_CONVERSION = YES;
				CLANG_WARN_INT_CONVERSION = YES;
				CLANG_WARN_OBJC_ROOT_CLASS = YES_ERROR;
				CLANG_WARN_UNREACHABLE_CODE = YES;
				CLANG_WARN__DUPLICATE_METHOD_MATCH = YES;
				"CODE_SIGN_IDENTITY[sdk=iphoneos*]" = "iPhone Developer";
				COPY_PHASE_STRIP = NO;
				ENABLE_STRICT_OBJC_MSGSEND = YES;
				GCC_C_LANGUAGE_STANDARD = gnu99;
				GCC_DYNAMIC_NO_PIC = NO;
				GCC_OPTIMIZATION_LEVEL = 0;
				GCC_PREPROCESSOR_DEFINITIONS = (
					"DEBUG=1",
					"$(inherited)",
				);
				GCC_SYMBOLS_PRIVATE_EXTERN = NO;
				GCC_WARN_64_TO_32_BIT_CONVERSION = YES;
				GCC_WARN_ABOUT_RETURN_TYPE = YES_ERROR;
				GCC_WARN_UNDECLARED_SELECTOR = YES;
				GCC_WARN_UNINITIALIZED_AUTOS = YES_AGGRESSIVE;
				GCC_WARN_UNUSED_FUNCTION = YES;
				GCC_WARN_UNUSED_VARIABLE = YES;
				IPHONEOS_DEPLOYMENT_TARGET = 8.1;
				MTL_ENABLE_DEBUG_INFO = YES;
				ONLY_ACTIVE_ARCH = YES;
				SDKROOT = iphoneos;
				SWIFT_OPTIMIZATION_LEVEL = "-Onone";
			};
			name = Debug;
		};
		84BFEACA1A084D2E0020273E /* Release */ = {
			isa = XCBuildConfiguration;
			buildSettings = {
				ALWAYS_SEARCH_USER_PATHS = NO;
				CLANG_CXX_LANGUAGE_STANDARD = "gnu++0x";
				CLANG_CXX_LIBRARY = "libc++";
				CLANG_ENABLE_MODULES = YES;
				CLANG_ENABLE_OBJC_ARC = YES;
				CLANG_WARN_BOOL_CONVERSION = YES;
				CLANG_WARN_CONSTANT_CONVERSION = YES;
				CLANG_WARN_DIRECT_OBJC_ISA_USAGE = YES_ERROR;
				CLANG_WARN_EMPTY_BODY = YES;
				CLANG_WARN_ENUM_CONVERSION = YES;
				CLANG_WARN_INT_CONVERSION = YES;
				CLANG_WARN_OBJC_ROOT_CLASS = YES_ERROR;
				CLANG_WARN_UNREACHABLE_CODE = YES;
				CLANG_WARN__DUPLICATE_METHOD_MATCH = YES;
				"CODE_SIGN_IDENTITY[sdk=iphoneos*]" = "iPhone Developer";
				COPY_PHASE_STRIP = YES;
				ENABLE_NS_ASSERTIONS = NO;
				ENABLE_STRICT_OBJC_MSGSEND = YES;
				GCC_C_LANGUAGE_STANDARD = gnu99;
				GCC_WARN_64_TO_32_BIT_CONVERSION = YES;
				GCC_WARN_ABOUT_RETURN_TYPE = YES_ERROR;
				GCC_WARN_UNDECLARED_SELECTOR = YES;
				GCC_WARN_UNINITIALIZED_AUTOS = YES_AGGRESSIVE;
				GCC_WARN_UNUSED_FUNCTION = YES;
				GCC_WARN_UNUSED_VARIABLE = YES;
				IPHONEOS_DEPLOYMENT_TARGET = 8.1;
				MTL_ENABLE_DEBUG_INFO = NO;
				SDKROOT = iphoneos;
				VALIDATE_PRODUCT = YES;
			};
			name = Release;
		};
		84BFEACC1A084D2E0020273E /* Debug */ = {
			isa = XCBuildConfiguration;
			buildSettings = {
				ASSETCATALOG_COMPILER_APPICON_NAME = AppIcon;
				CODE_SIGN_IDENTITY = "iPhone Developer";
				INFOPLIST_FILE = PostCard/Info.plist;
				LD_RUNPATH_SEARCH_PATHS = "$(inherited) @executable_path/Frameworks";
				PRODUCT_NAME = "$(TARGET_NAME)";
			};
			name = Debug;
		};
		84BFEACD1A084D2E0020273E /* Release */ = {
			isa = XCBuildConfiguration;
			buildSettings = {
				ASSETCATALOG_COMPILER_APPICON_NAME = AppIcon;
				CODE_SIGN_IDENTITY = "iPhone Developer";
				INFOPLIST_FILE = PostCard/Info.plist;
				LD_RUNPATH_SEARCH_PATHS = "$(inherited) @executable_path/Frameworks";
				PRODUCT_NAME = "$(TARGET_NAME)";
			};
			name = Release;
		};
		84BFEACF1A084D2E0020273E /* Debug */ = {
			isa = XCBuildConfiguration;
			buildSettings = {
				BUNDLE_LOADER = "$(TEST_HOST)";
				FRAMEWORK_SEARCH_PATHS = (
					"$(SDKROOT)/Developer/Library/Frameworks",
					"$(inherited)",
				);
				GCC_PREPROCESSOR_DEFINITIONS = (
					"DEBUG=1",
					"$(inherited)",
				);
				INFOPLIST_FILE = PostCardTests/Info.plist;
				LD_RUNPATH_SEARCH_PATHS = "$(inherited) @executable_path/Frameworks @loader_path/Frameworks";
				PRODUCT_NAME = "$(TARGET_NAME)";
				TEST_HOST = "$(BUILT_PRODUCTS_DIR)/PostCard.app/PostCard";
			};
			name = Debug;
		};
		84BFEAD01A084D2E0020273E /* Release */ = {
			isa = XCBuildConfiguration;
			buildSettings = {
				BUNDLE_LOADER = "$(TEST_HOST)";
				FRAMEWORK_SEARCH_PATHS = (
					"$(SDKROOT)/Developer/Library/Frameworks",
					"$(inherited)",
				);
				INFOPLIST_FILE = PostCardTests/Info.plist;
				LD_RUNPATH_SEARCH_PATHS = "$(inherited) @executable_path/Frameworks @loader_path/Frameworks";
				PRODUCT_NAME = "$(TARGET_NAME)";
				TEST_HOST = "$(BUILT_PRODUCTS_DIR)/PostCard.app/PostCard";
			};
			name = Release;
		};
/* End XCBuildConfiguration section */

/* Begin XCConfigurationList section */
		84BFEAA71A084D2E0020273E /* Build configuration list for PBXProject "PostCard" */ = {
			isa = XCConfigurationList;
			buildConfigurations = (
				84BFEAC91A084D2E0020273E /* Debug */,
				84BFEACA1A084D2E0020273E /* Release */,
			);
			defaultConfigurationIsVisible = 0;
			defaultConfigurationName = Release;
		};
		84BFEACB1A084D2E0020273E /* Build configuration list for PBXNativeTarget "PostCard" */ = {
			isa = XCConfigurationList;
			buildConfigurations = (
				84BFEACC1A084D2E0020273E /* Debug */,
				84BFEACD1A084D2E0020273E /* Release */,
			);
			defaultConfigurationIsVisible = 0;
		};
		84BFEACE1A084D2E0020273E /* Build configuration list for PBXNativeTarget "PostCardTests" */ = {
			isa = XCConfigurationList;
			buildConfigurations = (
				84BFEACF1A084D2E0020273E /* Debug */,
				84BFEAD01A084D2E0020273E /* Release */,
			);
			defaultConfigurationIsVisible = 0;
		};
/* End XCConfigurationList section */
	};
	rootObject = 84BFEAA41A084D2E0020273E /* Project object */;
}
